
Microsoft Visual Studio Solution File, Format Version 11.00
# Visual Studio 2010
Project("{FAE04EC0-301F-11D3-BF4B-00C04F79EFBC}") = "ZeeBi.UI", "ZeeBi.UI\ZeeBi.UI.csproj", "{437307BD-5F95-4375-BA92-F3B098576521}"
EndProject
Project("{FAE04EC0-301F-11D3-BF4B-00C04F79EFBC}") = "ZeeBi.Tests", "ZeeBi.Tests\ZeeBi.Tests.csproj", "{38008395-330B-4B7E-9218-ADA7B3162BDE}"
EndProject
Global
	GlobalSection(SolutionConfigurationPlatforms) = preSolution
		Debug|Any CPU = Debug|Any CPU
		Release|Any CPU = Release|Any CPU
	EndGlobalSection
	GlobalSection(ProjectConfigurationPlatforms) = postSolution
		{437307BD-5F95-4375-BA92-F3B098576521}.Debug|Any CPU.ActiveCfg = Debug|Any CPU
		{437307BD-5F95-4375-BA92-F3B098576521}.Debug|Any CPU.Build.0 = Debug|Any CPU
		{437307BD-5F95-4375-BA92-F3B098576521}.Release|Any CPU.ActiveCfg = Release|Any CPU
		{437307BD-5F95-4375-BA92-F3B098576521}.Release|Any CPU.Build.0 = Release|Any CPU
		{38008395-330B-4B7E-9218-ADA7B3162BDE}.Debug|Any CPU.ActiveCfg = Debug|Any CPU
		{38008395-330B-4B7E-9218-ADA7B3162BDE}.Debug|Any CPU.Build.0 = Debug|Any CPU
		{38008395-330B-4B7E-9218-ADA7B3162BDE}.Release|Any CPU.ActiveCfg = Release|Any CPU
		{38008395-330B-4B7E-9218-ADA7B3162BDE}.Release|Any CPU.Build.0 = Release|Any CPU
	EndGlobalSection
	GlobalSection(SolutionProperties) = preSolution
		HideSolutionNode = FALSE
	EndGlobalSection
EndGlobal
